
Microsoft Visual Studio Solution File, Format Version 12.00
# Visual Studio 15
VisualStudioVersion = 15.0.27428.2037
MinimumVisualStudioVersion = 10.0.40219.1
Project("{FAE04EC0-301F-11D3-BF4B-00C04F79EFBC}") = "WindowsFormsApp1", "WindowsFormsApp1\WindowsFormsApp1.csproj", "{A2B067C2-0B7B-464A-9387-6E211A47D20C}"
EndProject
Global
	GlobalSection(SolutionConfigurationPlatforms) = preSolution
		Debug|Any CPU = Debug|Any CPU
		Release|Any CPU = Release|Any CPU
	EndGlobalSection
	GlobalSection(ProjectConfigurationPlatforms) = postSolution
		{A2B067C2-0B7B-464A-9387-6E211A47D20C}.Debug|Any CPU.ActiveCfg = Debug|Any CPU
		{A2B067C2-0B7B-464A-9387-6E211A47D20C}.Debug|Any CPU.Build.0 = Debug|Any CPU
		{A2B067C2-0B7B-464A-9387-6E211A47D20C}.Release|Any CPU.ActiveCfg = Release|Any CPU
		{A2B067C2-0B7B-464A-9387-6E211A47D20C}.Release|Any CPU.Build.0 = Release|Any CPU
	EndGlobalSection
	GlobalSection(SolutionProperties) = preSolution
		HideSolutionNode = FALSE
	EndGlobalSection
	GlobalSection(ExtensibilityGlobals) = postSolution
		SolutionGuid = {FF7D7A57-2D16-406E-AAAB-664380B0A207}
	EndGlobalSection
EndGlobal
